
Microsoft Visual Studio Solution File, Format Version 12.00
# Visual Studio Version 17
VisualStudioVersion = 17.4.33213.308
MinimumVisualStudioVersion = 10.0.40219.1
Project("{2150E333-8FDC-42A3-9474-1A3956D46DE8}") = "src", "src", "{774209ED-67E1-46A4-A7D5-B8AF4CDB227C}"
EndProject
Project("{2150E333-8FDC-42A3-9474-1A3956D46DE8}") = "Core", "Core", "{815E0C65-10A8-4BBD-9876-77E3BF7937A8}"
EndProject
Project("{2150E333-8FDC-42A3-9474-1A3956D46DE8}") = "Infraestructure", "Infraestructure", "{82DA81D2-ED66-4BF8-B1CA-7718570B246D}"
EndProject
Project("{2150E333-8FDC-42A3-9474-1A3956D46DE8}") = "Presentation", "Presentation", "{E8E8CD8F-B6F5-42B5-8282-6FCF4DF13325}"
EndProject
Project("{FAE04EC0-301F-11D3-BF4B-00C04F79EFBC}") = "Application", "Application\Application.csproj", "{8E1E1460-21BA-4E75-B2CF-AA52236BA1D4}"
EndProject
Project("{FAE04EC0-301F-11D3-BF4B-00C04F79EFBC}") = "Core", "Core\Core.csproj", "{A8E60BD8-C1C3-43C1-BC9B-EC5D6920CCAE}"
EndProject
Project("{FAE04EC0-301F-11D3-BF4B-00C04F79EFBC}") = "Shared", "Shared\Shared.csproj", "{4F38C69C-D870-447B-B39D-10141AE11A41}"
EndProject
Project("{FAE04EC0-301F-11D3-BF4B-00C04F79EFBC}") = "UserServiceApi", "UserServiceApi\UserServiceApi.csproj", "{6C1856B3-1C1C-43CC-A67B-B8DE5FA95F40}"
EndProject
Project("{FAE04EC0-301F-11D3-BF4B-00C04F79EFBC}") = "Persistence", "Persistence\Persistence.csproj", "{7DF3AB1B-52FB-4D9A-902D-3B023300EBA4}"
EndProject
Global
	GlobalSection(SolutionConfigurationPlatforms) = preSolution
		Debug|Any CPU = Debug|Any CPU
		Release|Any CPU = Release|Any CPU
	EndGlobalSection
	GlobalSection(ProjectConfigurationPlatforms) = postSolution
		{8E1E1460-21BA-4E75-B2CF-AA52236BA1D4}.Debug|Any CPU.ActiveCfg = Debug|Any CPU
		{8E1E1460-21BA-4E75-B2CF-AA52236BA1D4}.Debug|Any CPU.Build.0 = Debug|Any CPU
		{8E1E1460-21BA-4E75-B2CF-AA52236BA1D4}.Release|Any CPU.ActiveCfg = Release|Any CPU
		{8E1E1460-21BA-4E75-B2CF-AA52236BA1D4}.Release|Any CPU.Build.0 = Release|Any CPU
		{A8E60BD8-C1C3-43C1-BC9B-EC5D6920CCAE}.Debug|Any CPU.ActiveCfg = Debug|Any CPU
		{A8E60BD8-C1C3-43C1-BC9B-EC5D6920CCAE}.Debug|Any CPU.Build.0 = Debug|Any CPU
		{A8E60BD8-C1C3-43C1-BC9B-EC5D6920CCAE}.Release|Any CPU.ActiveCfg = Release|Any CPU
		{A8E60BD8-C1C3-43C1-BC9B-EC5D6920CCAE}.Release|Any CPU.Build.0 = Release|Any CPU
		{4F38C69C-D870-447B-B39D-10141AE11A41}.Debug|Any CPU.ActiveCfg = Debug|Any CPU
		{4F38C69C-D870-447B-B39D-10141AE11A41}.Debug|Any CPU.Build.0 = Debug|Any CPU
		{4F38C69C-D870-447B-B39D-10141AE11A41}.Release|Any CPU.ActiveCfg = Release|Any CPU
		{4F38C69C-D870-447B-B39D-10141AE11A41}.Release|Any CPU.Build.0 = Release|Any CPU
		{6C1856B3-1C1C-43CC-A67B-B8DE5FA95F40}.Debug|Any CPU.ActiveCfg = Debug|Any CPU
		{6C1856B3-1C1C-43CC-A67B-B8DE5FA95F40}.Debug|Any CPU.Build.0 = Debug|Any CPU
		{6C1856B3-1C1C-43CC-A67B-B8DE5FA95F40}.Release|Any CPU.ActiveCfg = Release|Any CPU
		{6C1856B3-1C1C-43CC-A67B-B8DE5FA95F40}.Release|Any CPU.Build.0 = Release|Any CPU
		{7DF3AB1B-52FB-4D9A-902D-3B023300EBA4}.Debug|Any CPU.ActiveCfg = Debug|Any CPU
		{7DF3AB1B-52FB-4D9A-902D-3B023300EBA4}.Debug|Any CPU.Build.0 = Debug|Any CPU
		{7DF3AB1B-52FB-4D9A-902D-3B023300EBA4}.Release|Any CPU.ActiveCfg = Release|Any CPU
		{7DF3AB1B-52FB-4D9A-902D-3B023300EBA4}.Release|Any CPU.Build.0 = Release|Any CPU
	EndGlobalSection
	GlobalSection(SolutionProperties) = preSolution
		HideSolutionNode = FALSE
	EndGlobalSection
	GlobalSection(NestedProjects) = preSolution
		{815E0C65-10A8-4BBD-9876-77E3BF7937A8} = {774209ED-67E1-46A4-A7D5-B8AF4CDB227C}
		{82DA81D2-ED66-4BF8-B1CA-7718570B246D} = {774209ED-67E1-46A4-A7D5-B8AF4CDB227C}
		{E8E8CD8F-B6F5-42B5-8282-6FCF4DF13325} = {774209ED-67E1-46A4-A7D5-B8AF4CDB227C}
		{8E1E1460-21BA-4E75-B2CF-AA52236BA1D4} = {815E0C65-10A8-4BBD-9876-77E3BF7937A8}
		{A8E60BD8-C1C3-43C1-BC9B-EC5D6920CCAE} = {815E0C65-10A8-4BBD-9876-77E3BF7937A8}
		{4F38C69C-D870-447B-B39D-10141AE11A41} = {82DA81D2-ED66-4BF8-B1CA-7718570B246D}
		{6C1856B3-1C1C-43CC-A67B-B8DE5FA95F40} = {E8E8CD8F-B6F5-42B5-8282-6FCF4DF13325}
		{7DF3AB1B-52FB-4D9A-902D-3B023300EBA4} = {82DA81D2-ED66-4BF8-B1CA-7718570B246D}
	EndGlobalSection
	GlobalSection(ExtensibilityGlobals) = postSolution
		SolutionGuid = {4FAAEF12-9056-4CCC-9AFC-921F99665D79}
	EndGlobalSection
EndGlobal
